
Microsoft Visual Studio Solution File, Format Version 12.00
# Visual Studio Version 17
VisualStudioVersion = 17.13.35913.81 d17.13
MinimumVisualStudioVersion = 10.0.40219.1
Project("{FAE04EC0-301F-11D3-BF4B-00C04F79EFBC}") = "Cristalyn", "Cristalyn\Cristalyn.csproj", "{2113DB9A-A6DE-4211-BE0B-BDB0B45B3AC3}"
EndProject
Global
	GlobalSection(SolutionConfigurationPlatforms) = preSolution
		Debug|Any CPU = Debug|Any CPU
		Release|Any CPU = Release|Any CPU
	EndGlobalSection
	GlobalSection(ProjectConfigurationPlatforms) = postSolution
		{2113DB9A-A6DE-4211-BE0B-BDB0B45B3AC3}.Debug|Any CPU.ActiveCfg = Debug|Any CPU
		{2113DB9A-A6DE-4211-BE0B-BDB0B45B3AC3}.Debug|Any CPU.Build.0 = Debug|Any CPU
		{2113DB9A-A6DE-4211-BE0B-BDB0B45B3AC3}.Release|Any CPU.ActiveCfg = Release|Any CPU
		{2113DB9A-A6DE-4211-BE0B-BDB0B45B3AC3}.Release|Any CPU.Build.0 = Release|Any CPU
	EndGlobalSection
	GlobalSection(SolutionProperties) = preSolution
		HideSolutionNode = FALSE
	EndGlobalSection
	GlobalSection(ExtensibilityGlobals) = postSolution
		SolutionGuid = {95122F46-1F76-4513-BD07-3B2FC8A5E26E}
	EndGlobalSection
EndGlobal
